// !$*UTF8*$!
{
	archiveVersion = 1;
	classes = {
	};
	objectVersion = 46;
	objects = {

/* Begin PBXBuildFile section */
		BE11ECC817F3C0F80012A1E0 /* Foundation.framework in Frameworks */ = {isa = PBXBuildFile; fileRef = BE11ECC717F3C0F80012A1E0 /* Foundation.framework */; };
		BE11ECCA17F3C0F80012A1E0 /* CoreGraphics.framework in Frameworks */ = {isa = PBXBuildFile; fileRef = BE11ECC917F3C0F80012A1E0 /* CoreGraphics.framework */; };
		BE11ECCC17F3C0F80012A1E0 /* UIKit.framework in Frameworks */ = {isa = PBXBuildFile; fileRef = BE11ECCB17F3C0F80012A1E0 /* UIKit.framework */; };
		BE11ECD217F3C0F80012A1E0 /* InfoPlist.strings in Resources */ = {isa = PBXBuildFile; fileRef = BE11ECD017F3C0F80012A1E0 /* InfoPlist.strings */; };
		BE11ECD417F3C0F80012A1E0 /* main.m in Sources */ = {isa = PBXBuildFile; fileRef = BE11ECD317F3C0F80012A1E0 /* main.m */; };
		BE11ECD817F3C0F80012A1E0 /* BAAppDelegate.m in Sources */ = {isa = PBXBuildFile; fileRef = BE11ECD717F3C0F80012A1E0 /* BAAppDelegate.m */; };
		BE11ECDB17F3C0F80012A1E0 /* Main.storyboard in Resources */ = {isa = PBXBuildFile; fileRef = BE11ECD917F3C0F80012A1E0 /* Main.storyboard */; };
		BE11ECDE17F3C0F80012A1E0 /* BAMasterViewController.m in Sources */ = {isa = PBXBuildFile; fileRef = BE11ECDD17F3C0F80012A1E0 /* BAMasterViewController.m */; };
		BE11ECE117F3C0F80012A1E0 /* BADetailViewController.m in Sources */ = {isa = PBXBuildFile; fileRef = BE11ECE017F3C0F80012A1E0 /* BADetailViewController.m */; };
		BE11ECE317F3C0F80012A1E0 /* Images.xcassets in Resources */ = {isa = PBXBuildFile; fileRef = BE11ECE217F3C0F80012A1E0 /* Images.xcassets */; };
		BE11ECEA17F3C0F90012A1E0 /* XCTest.framework in Frameworks */ = {isa = PBXBuildFile; fileRef = BE11ECE917F3C0F90012A1E0 /* XCTest.framework */; };
		BE11ECEB17F3C0F90012A1E0 /* Foundation.framework in Frameworks */ = {isa = PBXBuildFile; fileRef = BE11ECC717F3C0F80012A1E0 /* Foundation.framework */; };
		BE11ECEC17F3C0F90012A1E0 /* UIKit.framework in Frameworks */ = {isa = PBXBuildFile; fileRef = BE11ECCB17F3C0F80012A1E0 /* UIKit.framework */; };
		BE11ECF417F3C0F90012A1E0 /* InfoPlist.strings in Resources */ = {isa = PBXBuildFile; fileRef = BE11ECF217F3C0F90012A1E0 /* InfoPlist.strings */; };
		BE11ECF617F3C0F90012A1E0 /* NavPlusSearchBarTests.m in Sources */ = {isa = PBXBuildFile; fileRef = BE11ECF517F3C0F90012A1E0 /* NavPlusSearchBarTests.m */; };
/* End PBXBuildFile section */

/* Begin PBXContainerItemProxy section */
		BE11ECED17F3C0F90012A1E0 /* PBXContainerItemProxy */ = {
			isa = PBXContainerItemProxy;
			containerPortal = BE11ECBC17F3C0F80012A1E0 /* Project object */;
			proxyType = 1;
			remoteGlobalIDString = BE11ECC317F3C0F80012A1E0;
			remoteInfo = NavPlusSearchBar;
		};
/* End PBXContainerItemProxy section */

/* Begin PBXFileReference section */
		BE11ECC417F3C0F80012A1E0 /* NavPlusSearchBar.app */ = {isa = PBXFileReference; explicitFileType = wrapper.application; includeInIndex = 0; path = NavPlusSearchBar.app; sourceTree = BUILT_PRODUCTS_DIR; };
		BE11ECC717F3C0F80012A1E0 /* Foundation.framework */ = {isa = PBXFileReference; lastKnownFileType = wrapper.framework; name = Foundation.framework; path = System/Library/Frameworks/Foundation.framework; sourceTree = SDKROOT; };
		BE11ECC917F3C0F80012A1E0 /* CoreGraphics.framework */ = {isa = PBXFileReference; lastKnownFileType = wrapper.framework; name = CoreGraphics.framework; path = System/Library/Frameworks/CoreGraphics.framework; sourceTree = SDKROOT; };
		BE11ECCB17F3C0F80012A1E0 /* UIKit.framework */ = {isa = PBXFileReference; lastKnownFileType = wrapper.framework; name = UIKit.framework; path = System/Library/Frameworks/UIKit.framework; sourceTree = SDKROOT; };
		BE11ECCF17F3C0F80012A1E0 /* NavPlusSearchBar-Info.plist */ = {isa = PBXFileReference; lastKnownFileType = text.plist.xml; path = "NavPlusSearchBar-Info.plist"; sourceTree = "<group>"; };
		BE11ECD117F3C0F80012A1E0 /* en */ = {isa = PBXFileReference; lastKnownFileType = text.plist.strings; name = en; path = en.lproj/InfoPlist.strings; sourceTree = "<group>"; };
		BE11ECD317F3C0F80012A1E0 /* main.m */ = {isa = PBXFileReference; lastKnownFileType = sourcecode.c.objc; path = main.m; sourceTree = "<group>"; };
		BE11ECD517F3C0F80012A1E0 /* NavPlusSearchBar-Prefix.pch */ = {isa = PBXFileReference; lastKnownFileType = sourcecode.c.h; path = "NavPlusSearchBar-Prefix.pch"; sourceTree = "<group>"; };
		BE11ECD617F3C0F80012A1E0 /* BAAppDelegate.h */ = {isa = PBXFileReference; lastKnownFileType = sourcecode.c.h; path = BAAppDelegate.h; sourceTree = "<group>"; };
		BE11ECD717F3C0F80012A1E0 /* BAAppDelegate.m */ = {isa = PBXFileReference; lastKnownFileType = sourcecode.c.objc; path = BAAppDelegate.m; sourceTree = "<group>"; };
		BE11ECDA17F3C0F80012A1E0 /* Base */ = {isa = PBXFileReference; lastKnownFileType = file.storyboard; name = Base; path = Base.lproj/Main.storyboard; sourceTree = "<group>"; };
		BE11ECDC17F3C0F80012A1E0 /* BAMasterViewController.h */ = {isa = PBXFileReference; lastKnownFileType = sourcecode.c.h; path = BAMasterViewController.h; sourceTree = "<group>"; };
		BE11ECDD17F3C0F80012A1E0 /* BAMasterViewController.m */ = {isa = PBXFileReference; lastKnownFileType = sourcecode.c.objc; path = BAMasterViewController.m; sourceTree = "<group>"; };
		BE11ECDF17F3C0F80012A1E0 /* BADetailViewController.h */ = {isa = PBXFileReference; lastKnownFileType = sourcecode.c.h; path = BADetailViewController.h; sourceTree = "<group>"; };
		BE11ECE017F3C0F80012A1E0 /* BADetailViewController.m */ = {isa = PBXFileReference; lastKnownFileType = sourcecode.c.objc; path = BADetailViewController.m; sourceTree = "<group>"; };
		BE11ECE217F3C0F80012A1E0 /* Images.xcassets */ = {isa = PBXFileReference; lastKnownFileType = folder.assetcatalog; path = Images.xcassets; sourceTree = "<group>"; };
		BE11ECE817F3C0F90012A1E0 /* NavPlusSearchBarTests.xctest */ = {isa = PBXFileReference; explicitFileType = wrapper.cfbundle; includeInIndex = 0; path = NavPlusSearchBarTests.xctest; sourceTree = BUILT_PRODUCTS_DIR; };
		BE11ECE917F3C0F90012A1E0 /* XCTest.framework */ = {isa = PBXFileReference; lastKnownFileType = wrapper.framework; name = XCTest.framework; path = Library/Frameworks/XCTest.framework; sourceTree = DEVELOPER_DIR; };
		BE11ECF117F3C0F90012A1E0 /* NavPlusSearchBarTests-Info.plist */ = {isa = PBXFileReference; lastKnownFileType = text.plist.xml; path = "NavPlusSearchBarTests-Info.plist"; sourceTree = "<group>"; };
		BE11ECF317F3C0F90012A1E0 /* en */ = {isa = PBXFileReference; lastKnownFileType = text.plist.strings; name = en; path = en.lproj/InfoPlist.strings; sourceTree = "<group>"; };
		BE11ECF517F3C0F90012A1E0 /* NavPlusSearchBarTests.m */ = {isa = PBXFileReference; lastKnownFileType = sourcecode.c.objc; path = NavPlusSearchBarTests.m; sourceTree = "<group>"; };
/* End PBXFileReference section */

/* Begin PBXFrameworksBuildPhase section */
		BE11ECC117F3C0F80012A1E0 /* Frameworks */ = {
			isa = PBXFrameworksBuildPhase;
			buildActionMask = 2147483647;
			files = (
				BE11ECCA17F3C0F80012A1E0 /* CoreGraphics.framework in Frameworks */,
				BE11ECCC17F3C0F80012A1E0 /* UIKit.framework in Frameworks */,
				BE11ECC817F3C0F80012A1E0 /* Foundation.framework in Frameworks */,
			);
			runOnlyForDeploymentPostprocessing = 0;
		};
		BE11ECE517F3C0F90012A1E0 /* Frameworks */ = {
			isa = PBXFrameworksBuildPhase;
			buildActionMask = 2147483647;
			files = (
				BE11ECEA17F3C0F90012A1E0 /* XCTest.framework in Frameworks */,
				BE11ECEC17F3C0F90012A1E0 /* UIKit.framework in Frameworks */,
				BE11ECEB17F3C0F90012A1E0 /* Foundation.framework in Frameworks */,
			);
			runOnlyForDeploymentPostprocessing = 0;
		};
/* End PBXFrameworksBuildPhase section */

/* Begin PBXGroup section */
		BE11ECBB17F3C0F80012A1E0 = {
			isa = PBXGroup;
			children = (
				BE11ECCD17F3C0F80012A1E0 /* NavPlusSearchBar */,
				BE11ECEF17F3C0F90012A1E0 /* NavPlusSearchBarTests */,
				BE11ECC617F3C0F80012A1E0 /* Frameworks */,
				BE11ECC517F3C0F80012A1E0 /* Products */,
			);
			sourceTree = "<group>";
		};
		BE11ECC517F3C0F80012A1E0 /* Products */ = {
			isa = PBXGroup;
			children = (
				BE11ECC417F3C0F80012A1E0 /* NavPlusSearchBar.app */,
				BE11ECE817F3C0F90012A1E0 /* NavPlusSearchBarTests.xctest */,
			);
			name = Products;
			sourceTree = "<group>";
		};
		BE11ECC617F3C0F80012A1E0 /* Frameworks */ = {
			isa = PBXGroup;
			children = (
				BE11ECC717F3C0F80012A1E0 /* Foundation.framework */,
				BE11ECC917F3C0F80012A1E0 /* CoreGraphics.framework */,
				BE11ECCB17F3C0F80012A1E0 /* UIKit.framework */,
				BE11ECE917F3C0F90012A1E0 /* XCTest.framework */,
			);
			name = Frameworks;
			sourceTree = "<group>";
		};
		BE11ECCD17F3C0F80012A1E0 /* NavPlusSearchBar */ = {
			isa = PBXGroup;
			children = (
				BE11ECD617F3C0F80012A1E0 /* BAAppDelegate.h */,
				BE11ECD717F3C0F80012A1E0 /* BAAppDelegate.m */,
				BE11ECD917F3C0F80012A1E0 /* Main.storyboard */,
				BE11ECDC17F3C0F80012A1E0 /* BAMasterViewController.h */,
				BE11ECDD17F3C0F80012A1E0 /* BAMasterViewController.m */,
				BE11ECDF17F3C0F80012A1E0 /* BADetailViewController.h */,
				BE11ECE017F3C0F80012A1E0 /* BADetailViewController.m */,
				BE11ECE217F3C0F80012A1E0 /* Images.xcassets */,
				BE11ECCE17F3C0F80012A1E0 /* Supporting Files */,
			);
			path = NavPlusSearchBar;
			sourceTree = "<group>";
		};
		BE11ECCE17F3C0F80012A1E0 /* Supporting Files */ = {
			isa = PBXGroup;
			children = (
				BE11ECCF17F3C0F80012A1E0 /* NavPlusSearchBar-Info.plist */,
				BE11ECD017F3C0F80012A1E0 /* InfoPlist.strings */,
				BE11ECD317F3C0F80012A1E0 /* main.m */,
				BE11ECD517F3C0F80012A1E0 /* NavPlusSearchBar-Prefix.pch */,
			);
			name = "Supporting Files";
			sourceTree = "<group>";
		};
		BE11ECEF17F3C0F90012A1E0 /* NavPlusSearchBarTests */ = {
			isa = PBXGroup;
			children = (
				BE11ECF517F3C0F90012A1E0 /* NavPlusSearchBarTests.m */,
				BE11ECF017F3C0F90012A1E0 /* Supporting Files */,
			);
			path = NavPlusSearchBarTests;
			sourceTree = "<group>";
		};
		BE11ECF017F3C0F90012A1E0 /* Supporting Files */ = {
			isa = PBXGroup;
			children = (
				BE11ECF117F3C0F90012A1E0 /* NavPlusSearchBarTests-Info.plist */,
				BE11ECF217F3C0F90012A1E0 /* InfoPlist.strings */,
			);
			name = "Supporting Files";
			sourceTree = "<group>";
		};
/* End PBXGroup section */

/* Begin PBXNativeTarget section */
		BE11ECC317F3C0F80012A1E0 /* NavPlusSearchBar */ = {
			isa = PBXNativeTarget;
			buildConfigurationList = BE11ECF917F3C0F90012A1E0 /* Build configuration list for PBXNativeTarget "NavPlusSearchBar" */;
			buildPhases = (
				BE11ECC017F3C0F80012A1E0 /* Sources */,
				BE11ECC117F3C0F80012A1E0 /* Frameworks */,
				BE11ECC217F3C0F80012A1E0 /* Resources */,
			);
			buildRules = (
			);
			dependencies = (
			);
			name = NavPlusSearchBar;
			productName = NavPlusSearchBar;
			productReference = BE11ECC417F3C0F80012A1E0 /* NavPlusSearchBar.app */;
			productType = "com.apple.product-type.application";
		};
		BE11ECE717F3C0F90012A1E0 /* NavPlusSearchBarTests */ = {
			isa = PBXNativeTarget;
			buildConfigurationList = BE11ECFC17F3C0F90012A1E0 /* Build configuration list for PBXNativeTarget "NavPlusSearchBarTests" */;
			buildPhases = (
				BE11ECE417F3C0F90012A1E0 /* Sources */,
				BE11ECE517F3C0F90012A1E0 /* Frameworks */,
				BE11ECE617F3C0F90012A1E0 /* Resources */,
			);
			buildRules = (
			);
			dependencies = (
				BE11ECEE17F3C0F90012A1E0 /* PBXTargetDependency */,
			);
			name = NavPlusSearchBarTests;
			productName = NavPlusSearchBarTests;
			productReference = BE11ECE817F3C0F90012A1E0 /* NavPlusSearchBarTests.xctest */;
			productType = "com.apple.product-type.bundle.unit-test";
		};
/* End PBXNativeTarget section */

/* Begin PBXProject section */
		BE11ECBC17F3C0F80012A1E0 /* Project object */ = {
			isa = PBXProject;
			attributes = {
				CLASSPREFIX = BA;
				LastUpgradeCheck = 0500;
				ORGANIZATIONNAME = DogBone;
				TargetAttributes = {
					BE11ECE717F3C0F90012A1E0 = {
						TestTargetID = BE11ECC317F3C0F80012A1E0;
					};
				};
			};
			buildConfigurationList = BE11ECBF17F3C0F80012A1E0 /* Build configuration list for PBXProject "NavPlusSearchBar" */;
			compatibilityVersion = "Xcode 3.2";
			developmentRegion = English;
			hasScannedForEncodings = 0;
			knownRegions = (
				en,
				Base,
			);
			mainGroup = BE11ECBB17F3C0F80012A1E0;
			productRefGroup = BE11ECC517F3C0F80012A1E0 /* Products */;
			projectDirPath = "";
			projectRoot = "";
			targets = (
				BE11ECC317F3C0F80012A1E0 /* NavPlusSearchBar */,
				BE11ECE717F3C0F90012A1E0 /* NavPlusSearchBarTests */,
			);
		};
/* End PBXProject section */

/* Begin PBXResourcesBuildPhase section */
		BE11ECC217F3C0F80012A1E0 /* Resources */ = {
			isa = PBXResourcesBuildPhase;
			buildActionMask = 2147483647;
			files = (
				BE11ECE317F3C0F80012A1E0 /* Images.xcassets in Resources */,
				BE11ECD217F3C0F80012A1E0 /* InfoPlist.strings in Resources */,
				BE11ECDB17F3C0F80012A1E0 /* Main.storyboard in Resources */,
			);
			runOnlyForDeploymentPostprocessing = 0;
		};
		BE11ECE617F3C0F90012A1E0 /* Resources */ = {
			isa = PBXResourcesBuildPhase;
			buildActionMask = 2147483647;
			files = (
				BE11ECF417F3C0F90012A1E0 /* InfoPlist.strings in Resources */,
			);
			runOnlyForDeploymentPostprocessing = 0;
		};
/* End PBXResourcesBuildPhase section */

/* Begin PBXSourcesBuildPhase section */
		BE11ECC017F3C0F80012A1E0 /* Sources */ = {
			isa = PBXSourcesBuildPhase;
			buildActionMask = 2147483647;
			files = (
				BE11ECE117F3C0F80012A1E0 /* BADetailViewController.m in Sources */,
				BE11ECD417F3C0F80012A1E0 /* main.m in Sources */,
				BE11ECD817F3C0F80012A1E0 /* BAAppDelegate.m in Sources */,
				BE11ECDE17F3C0F80012A1E0 /* BAMasterViewController.m in Sources */,
			);
			runOnlyForDeploymentPostprocessing = 0;
		};
		BE11ECE417F3C0F90012A1E0 /* Sources */ = {
			isa = PBXSourcesBuildPhase;
			buildActionMask = 2147483647;
			files = (
				BE11ECF617F3C0F90012A1E0 /* NavPlusSearchBarTests.m in Sources */,
			);
			runOnlyForDeploymentPostprocessing = 0;
		};
/* End PBXSourcesBuildPhase section */

/* Begin PBXTargetDependency section */
		BE11ECEE17F3C0F90012A1E0 /* PBXTargetDependency */ = {
			isa = PBXTargetDependency;
			target = BE11ECC317F3C0F80012A1E0 /* NavPlusSearchBar */;
			targetProxy = BE11ECED17F3C0F90012A1E0 /* PBXContainerItemProxy */;
		};
/* End PBXTargetDependency section */

/* Begin PBXVariantGroup section */
		BE11ECD017F3C0F80012A1E0 /* InfoPlist.strings */ = {
			isa = PBXVariantGroup;
			children = (
				BE11ECD117F3C0F80012A1E0 /* en */,
			);
			name = InfoPlist.strings;
			sourceTree = "<group>";
		};
		BE11ECD917F3C0F80012A1E0 /* Main.storyboard */ = {
			isa = PBXVariantGroup;
			children = (
				BE11ECDA17F3C0F80012A1E0 /* Base */,
			);
			name = Main.storyboard;
			sourceTree = "<group>";
		};
		BE11ECF217F3C0F90012A1E0 /* InfoPlist.strings */ = {
			isa = PBXVariantGroup;
			children = (
				BE11ECF317F3C0F90012A1E0 /* en */,
			);
			name = InfoPlist.strings;
			sourceTree = "<group>";
		};
/* End PBXVariantGroup section */

/* Begin XCBuildConfiguration section */
		BE11ECF717F3C0F90012A1E0 /* Debug */ = {
			isa = XCBuildConfiguration;
			buildSettings = {
				ALWAYS_SEARCH_USER_PATHS = NO;
				ARCHS = "$(ARCHS_STANDARD_INCLUDING_64_BIT)";
				CLANG_CXX_LANGUAGE_STANDARD = "gnu++0x";
				CLANG_CXX_LIBRARY = "libc++";
				CLANG_ENABLE_MODULES = YES;
				CLANG_ENABLE_OBJC_ARC = YES;
				CLANG_WARN_BOOL_CONVERSION = YES;
				CLANG_WARN_CONSTANT_CONVERSION = YES;
				CLANG_WARN_DIRECT_OBJC_ISA_USAGE = YES_ERROR;
				CLANG_WARN_EMPTY_BODY = YES;
				CLANG_WARN_ENUM_CONVERSION = YES;
				CLANG_WARN_INT_CONVERSION = YES;
				CLANG_WARN_OBJC_ROOT_CLASS = YES_ERROR;
				CLANG_WARN__DUPLICATE_METHOD_MATCH = YES;
				"CODE_SIGN_IDENTITY[sdk=iphoneos*]" = "iPhone Developer";
				COPY_PHASE_STRIP = NO;
				GCC_C_LANGUAGE_STANDARD = gnu99;
				GCC_DYNAMIC_NO_PIC = NO;
				GCC_OPTIMIZATION_LEVEL = 0;
				GCC_PREPROCESSOR_DEFINITIONS = (
					"DEBUG=1",
					"$(inherited)",
				);
				GCC_SYMBOLS_PRIVATE_EXTERN = NO;
				GCC_WARN_64_TO_32_BIT_CONVERSION = YES;
				GCC_WARN_ABOUT_RETURN_TYPE = YES_ERROR;
				GCC_WARN_UNDECLARED_SELECTOR = YES;
				GCC_WARN_UNINITIALIZED_AUTOS = YES;
				GCC_WARN_UNUSED_FUNCTION = YES;
				GCC_WARN_UNUSED_VARIABLE = YES;
				IPHONEOS_DEPLOYMENT_TARGET = 7.0;
				ONLY_ACTIVE_ARCH = YES;
				SDKROOT = iphoneos;
			};
			name = Debug;
		};
		BE11ECF817F3C0F90012A1E0 /* Release */ = {
			isa = XCBuildConfiguration;
			buildSettings = {
				ALWAYS_SEARCH_USER_PATHS = NO;
				ARCHS = "$(ARCHS_STANDARD_INCLUDING_64_BIT)";
				CLANG_CXX_LANGUAGE_STANDARD = "gnu++0x";
				CLANG_CXX_LIBRARY = "libc++";
				CLANG_ENABLE_MODULES = YES;
				CLANG_ENABLE_OBJC_ARC = YES;
				CLANG_WARN_BOOL_CONVERSION = YES;
				CLANG_WARN_CONSTANT_CONVERSION = YES;
				CLANG_WARN_DIRECT_OBJC_ISA_USAGE = YES_ERROR;
				CLANG_WARN_EMPTY_BODY = YES;
				CLANG_WARN_ENUM_CONVERSION = YES;
				CLANG_WARN_INT_CONVERSION = YES;
				CLANG_WARN_OBJC_ROOT_CLASS = YES_ERROR;
				CLANG_WARN__DUPLICATE_METHOD_MATCH = YES;
				"CODE_SIGN_IDENTITY[sdk=iphoneos*]" = "iPhone Developer";
				COPY_PHASE_STRIP = YES;
				ENABLE_NS_ASSERTIONS = NO;
				GCC_C_LANGUAGE_STANDARD = gnu99;
				GCC_WARN_64_TO_32_BIT_CONVERSION = YES;
				GCC_WARN_ABOUT_RETURN_TYPE = YES_ERROR;
				GCC_WARN_UNDECLARED_SELECTOR = YES;
				GCC_WARN_UNINITIALIZED_AUTOS = YES;
				GCC_WARN_UNUSED_FUNCTION = YES;
				GCC_WARN_UNUSED_VARIABLE = YES;
				IPHONEOS_DEPLOYMENT_TARGET = 7.0;
				SDKROOT = iphoneos;
				VALIDATE_PRODUCT = YES;
			};
			name = Release;
		};
		BE11ECFA17F3C0F90012A1E0 /* Debug */ = {
			isa = XCBuildConfiguration;
			buildSettings = {
				ASSETCATALOG_COMPILER_APPICON_NAME = AppIcon;
				ASSETCATALOG_COMPILER_LAUNCHIMAGE_NAME = LaunchImage;
				GCC_PRECOMPILE_PREFIX_HEADER = YES;
				GCC_PREFIX_HEADER = "NavPlusSearchBar/NavPlusSearchBar-Prefix.pch";
				INFOPLIST_FILE = "NavPlusSearchBar/NavPlusSearchBar-Info.plist";
				PRODUCT_NAME = "$(TARGET_NAME)";
				WRAPPER_EXTENSION = app;
			};
			name = Debug;
		};
		BE11ECFB17F3C0F90012A1E0 /* Release */ = {
			isa = XCBuildConfiguration;
			buildSettings = {
				ASSETCATALOG_COMPILER_APPICON_NAME = AppIcon;
				ASSETCATALOG_COMPILER_LAUNCHIMAGE_NAME = LaunchImage;
				GCC_PRECOMPILE_PREFIX_HEADER = YES;
				GCC_PREFIX_HEADER = "NavPlusSearchBar/NavPlusSearchBar-Prefix.pch";
				INFOPLIST_FILE = "NavPlusSearchBar/NavPlusSearchBar-Info.plist";
				PRODUCT_NAME = "$(TARGET_NAME)";
				WRAPPER_EXTENSION = app;
			};
			name = Release;
		};
		BE11ECFD17F3C0F90012A1E0 /* Debug */ = {
			isa = XCBuildConfiguration;
			buildSettings = {
				ARCHS = "$(ARCHS_STANDARD_INCLUDING_64_BIT)";
				BUNDLE_LOADER = "$(BUILT_PRODUCTS_DIR)/NavPlusSearchBar.app/NavPlusSearchBar";
				FRAMEWORK_SEARCH_PATHS = (
					"$(SDKROOT)/Developer/Library/Frameworks",
					"$(inherited)",
					"$(DEVELOPER_FRAMEWORKS_DIR)",
				);
				GCC_PRECOMPILE_PREFIX_HEADER = YES;
				GCC_PREFIX_HEADER = "NavPlusSearchBar/NavPlusSearchBar-Prefix.pch";
				GCC_PREPROCESSOR_DEFINITIONS = (
					"DEBUG=1",
					"$(inherited)",
				);
				INFOPLIST_FILE = "NavPlusSearchBarTests/NavPlusSearchBarTests-Info.plist";
				PRODUCT_NAME = "$(TARGET_NAME)";
				TEST_HOST = "$(BUNDLE_LOADER)";
				WRAPPER_EXTENSION = xctest;
			};
			name = Debug;
		};
		BE11ECFE17F3C0F90012A1E0 /* Release */ = {
			isa = XCBuildConfiguration;
			buildSettings = {
				ARCHS = "$(ARCHS_STANDARD_INCLUDING_64_BIT)";
				BUNDLE_LOADER = "$(BUILT_PRODUCTS_DIR)/NavPlusSearchBar.app/NavPlusSearchBar";
				FRAMEWORK_SEARCH_PATHS = (
					"$(SDKROOT)/Developer/Library/Frameworks",
					"$(inherited)",
					"$(DEVELOPER_FRAMEWORKS_DIR)",
				);
				GCC_PRECOMPILE_PREFIX_HEADER = YES;
				GCC_PREFIX_HEADER = "NavPlusSearchBar/NavPlusSearchBar-Prefix.pch";
				INFOPLIST_FILE = "NavPlusSearchBarTests/NavPlusSearchBarTests-Info.plist";
				PRODUCT_NAME = "$(TARGET_NAME)";
				TEST_HOST = "$(BUNDLE_LOADER)";
				WRAPPER_EXTENSION = xctest;
			};
			name = Release;
		};
/* End XCBuildConfiguration section */

/* Begin XCConfigurationList section */
		BE11ECBF17F3C0F80012A1E0 /* Build configuration list for PBXProject "NavPlusSearchBar" */ = {
			isa = XCConfigurationList;
			buildConfigurations = (
				BE11ECF717F3C0F90012A1E0 /* Debug */,
				BE11ECF817F3C0F90012A1E0 /* Release */,
			);
			defaultConfigurationIsVisible = 0;
			defaultConfigurationName = Release;
		};
		BE11ECF917F3C0F90012A1E0 /* Build configuration list for PBXNativeTarget "NavPlusSearchBar" */ = {
			isa = XCConfigurationList;
			buildConfigurations = (
				BE11ECFA17F3C0F90012A1E0 /* Debug */,
				BE11ECFB17F3C0F90012A1E0 /* Release */,
			);
			defaultConfigurationIsVisible = 0;
		};
		BE11ECFC17F3C0F90012A1E0 /* Build configuration list for PBXNativeTarget "NavPlusSearchBarTests" */ = {
			isa = XCConfigurationList;
			buildConfigurations = (
				BE11ECFD17F3C0F90012A1E0 /* Debug */,
				BE11ECFE17F3C0F90012A1E0 /* Release */,
			);
			defaultConfigurationIsVisible = 0;
		};
/* End XCConfigurationList section */
	};
	rootObject = BE11ECBC17F3C0F80012A1E0 /* Project object */;
}
